
Microsoft Visual Studio Solution File, Format Version 12.00
# Visual Studio Version 17
VisualStudioVersion = 17.8.34525.116
MinimumVisualStudioVersion = 10.0.40219.1
Project("{9A19103F-16F7-4668-BE54-9A1E7A4F7556}") = "Xamvvm.Core", "Xamvvm.Core\Xamvvm.Core.csproj", "{86124AC2-DCF7-4BBA-A303-93147CF1FA87}"
EndProject
Project("{2150E333-8FDC-42A3-9474-1A3956D46DE8}") = "Solution Items", "Solution Items", "{6F14E403-8875-436E-9A30-EE03D9F4BE8B}"
	ProjectSection(SolutionItems) = preProject
		..\.gitignore = ..\.gitignore
		22848116.png = 22848116.png
		..\LICENSE = ..\LICENSE
		..\MakefileAll.bat = ..\MakefileAll.bat
		..\README.md = ..\README.md
	EndProjectSection
EndProject
Project("{2150E333-8FDC-42A3-9474-1A3956D46DE8}") = "Examples", "Examples", "{BB3F8074-2150-4C01-A68B-53A9F9EE9752}"
EndProject
Project("{9A19103F-16F7-4668-BE54-9A1E7A4F7556}") = "Xamvvm.Mock", "Xamvvm.Mock\Xamvvm.Mock.csproj", "{D9C591AB-1F3C-40CB-BD7B-DBA410CD19F8}"
EndProject
Project("{9A19103F-16F7-4668-BE54-9A1E7A4F7556}") = "Xamvvm.Maui", "Xamvvm.Maui\Xamvvm.Maui.csproj", "{23FB4E28-F3A9-4FB6-81CE-C556B950DC56}"
EndProject
Project("{9A19103F-16F7-4668-BE54-9A1E7A4F7556}") = "Examples.Maui", "..\examples\Examples.Maui\Examples.Maui.csproj", "{E3107B37-B870-457A-94FC-8970B1C89923}"
EndProject
Project("{9A19103F-16F7-4668-BE54-9A1E7A4F7556}") = "Xamvvm.Maui.RxUI", "Xamvvm.Maui.RxUI\Xamvvm.Maui.RxUI.csproj", "{3E00CB33-18EB-4209-8E78-C494B05BD693}"
EndProject
Project("{9A19103F-16F7-4668-BE54-9A1E7A4F7556}") = "Examples.Maui.RxUI", "..\examples\Examples.Maui.RxUI\Examples.Maui.RxUI.csproj", "{345ED669-0998-4363-9960-1BEDAB37B181}"
EndProject
Global
	GlobalSection(SolutionConfigurationPlatforms) = preSolution
		Ad-Hoc|Any CPU = Ad-Hoc|Any CPU
		Ad-Hoc|ARM = Ad-Hoc|ARM
		Ad-Hoc|iPhone = Ad-Hoc|iPhone
		Ad-Hoc|iPhoneSimulator = Ad-Hoc|iPhoneSimulator
		Ad-Hoc|x64 = Ad-Hoc|x64
		Ad-Hoc|x86 = Ad-Hoc|x86
		AppStore|Any CPU = AppStore|Any CPU
		AppStore|ARM = AppStore|ARM
		AppStore|iPhone = AppStore|iPhone
		AppStore|iPhoneSimulator = AppStore|iPhoneSimulator
		AppStore|x64 = AppStore|x64
		AppStore|x86 = AppStore|x86
		Debug|Any CPU = Debug|Any CPU
		Debug|ARM = Debug|ARM
		Debug|iPhone = Debug|iPhone
		Debug|iPhoneSimulator = Debug|iPhoneSimulator
		Debug|x64 = Debug|x64
		Debug|x86 = Debug|x86
		Release|Any CPU = Release|Any CPU
		Release|ARM = Release|ARM
		Release|iPhone = Release|iPhone
		Release|iPhoneSimulator = Release|iPhoneSimulator
		Release|x64 = Release|x64
		Release|x86 = Release|x86
	EndGlobalSection
	GlobalSection(ProjectConfigurationPlatforms) = postSolution
		{86124AC2-DCF7-4BBA-A303-93147CF1FA87}.Ad-Hoc|Any CPU.ActiveCfg = Release|Any CPU
		{86124AC2-DCF7-4BBA-A303-93147CF1FA87}.Ad-Hoc|Any CPU.Build.0 = Release|Any CPU
		{86124AC2-DCF7-4BBA-A303-93147CF1FA87}.Ad-Hoc|ARM.ActiveCfg = Release|Any CPU
		{86124AC2-DCF7-4BBA-A303-93147CF1FA87}.Ad-Hoc|ARM.Build.0 = Release|Any CPU
		{86124AC2-DCF7-4BBA-A303-93147CF1FA87}.Ad-Hoc|iPhone.ActiveCfg = Release|Any CPU
		{86124AC2-DCF7-4BBA-A303-93147CF1FA87}.Ad-Hoc|iPhone.Build.0 = Release|Any CPU
		{86124AC2-DCF7-4BBA-A303-93147CF1FA87}.Ad-Hoc|iPhoneSimulator.ActiveCfg = Release|Any CPU
		{86124AC2-DCF7-4BBA-A303-93147CF1FA87}.Ad-Hoc|iPhoneSimulator.Build.0 = Release|Any CPU
		{86124AC2-DCF7-4BBA-A303-93147CF1FA87}.Ad-Hoc|x64.ActiveCfg = Release|Any CPU
		{86124AC2-DCF7-4BBA-A303-93147CF1FA87}.Ad-Hoc|x64.Build.0 = Release|Any CPU
		{86124AC2-DCF7-4BBA-A303-93147CF1FA87}.Ad-Hoc|x86.ActiveCfg = Release|Any CPU
		{86124AC2-DCF7-4BBA-A303-93147CF1FA87}.Ad-Hoc|x86.Build.0 = Release|Any CPU
		{86124AC2-DCF7-4BBA-A303-93147CF1FA87}.AppStore|Any CPU.ActiveCfg = Release|Any CPU
		{86124AC2-DCF7-4BBA-A303-93147CF1FA87}.AppStore|Any CPU.Build.0 = Release|Any CPU
		{86124AC2-DCF7-4BBA-A303-93147CF1FA87}.AppStore|ARM.ActiveCfg = Release|Any CPU
		{86124AC2-DCF7-4BBA-A303-93147CF1FA87}.AppStore|ARM.Build.0 = Release|Any CPU
		{86124AC2-DCF7-4BBA-A303-93147CF1FA87}.AppStore|iPhone.ActiveCfg = Release|Any CPU
		{86124AC2-DCF7-4BBA-A303-93147CF1FA87}.AppStore|iPhone.Build.0 = Release|Any CPU
		{86124AC2-DCF7-4BBA-A303-93147CF1FA87}.AppStore|iPhoneSimulator.ActiveCfg = Release|Any CPU
		{86124AC2-DCF7-4BBA-A303-93147CF1FA87}.AppStore|iPhoneSimulator.Build.0 = Release|Any CPU
		{86124AC2-DCF7-4BBA-A303-93147CF1FA87}.AppStore|x64.ActiveCfg = Release|Any CPU
		{86124AC2-DCF7-4BBA-A303-93147CF1FA87}.AppStore|x64.Build.0 = Release|Any CPU
		{86124AC2-DCF7-4BBA-A303-93147CF1FA87}.AppStore|x86.ActiveCfg = Release|Any CPU
		{86124AC2-DCF7-4BBA-A303-93147CF1FA87}.AppStore|x86.Build.0 = Release|Any CPU
		{86124AC2-DCF7-4BBA-A303-93147CF1FA87}.Debug|Any CPU.ActiveCfg = Debug|Any CPU
		{86124AC2-DCF7-4BBA-A303-93147CF1FA87}.Debug|Any CPU.Build.0 = Debug|Any CPU
		{86124AC2-DCF7-4BBA-A303-93147CF1FA87}.Debug|ARM.ActiveCfg = Debug|Any CPU
		{86124AC2-DCF7-4BBA-A303-93147CF1FA87}.Debug|ARM.Build.0 = Debug|Any CPU
		{86124AC2-DCF7-4BBA-A303-93147CF1FA87}.Debug|iPhone.ActiveCfg = Debug|Any CPU
		{86124AC2-DCF7-4BBA-A303-93147CF1FA87}.Debug|iPhone.Build.0 = Debug|Any CPU
		{86124AC2-DCF7-4BBA-A303-93147CF1FA87}.Debug|iPhoneSimulator.ActiveCfg = Debug|Any CPU
		{86124AC2-DCF7-4BBA-A303-93147CF1FA87}.Debug|iPhoneSimulator.Build.0 = Debug|Any CPU
		{86124AC2-DCF7-4BBA-A303-93147CF1FA87}.Debug|x64.ActiveCfg = Debug|Any CPU
		{86124AC2-DCF7-4BBA-A303-93147CF1FA87}.Debug|x64.Build.0 = Debug|Any CPU
		{86124AC2-DCF7-4BBA-A303-93147CF1FA87}.Debug|x86.ActiveCfg = Debug|Any CPU
		{86124AC2-DCF7-4BBA-A303-93147CF1FA87}.Debug|x86.Build.0 = Debug|Any CPU
		{86124AC2-DCF7-4BBA-A303-93147CF1FA87}.Release|Any CPU.ActiveCfg = Release|Any CPU
		{86124AC2-DCF7-4BBA-A303-93147CF1FA87}.Release|Any CPU.Build.0 = Release|Any CPU
		{86124AC2-DCF7-4BBA-A303-93147CF1FA87}.Release|ARM.ActiveCfg = Release|Any CPU
		{86124AC2-DCF7-4BBA-A303-93147CF1FA87}.Release|ARM.Build.0 = Release|Any CPU
		{86124AC2-DCF7-4BBA-A303-93147CF1FA87}.Release|iPhone.ActiveCfg = Release|Any CPU
		{86124AC2-DCF7-4BBA-A303-93147CF1FA87}.Release|iPhone.Build.0 = Release|Any CPU
		{86124AC2-DCF7-4BBA-A303-93147CF1FA87}.Release|iPhoneSimulator.ActiveCfg = Release|Any CPU
		{86124AC2-DCF7-4BBA-A303-93147CF1FA87}.Release|iPhoneSimulator.Build.0 = Release|Any CPU
		{86124AC2-DCF7-4BBA-A303-93147CF1FA87}.Release|x64.ActiveCfg = Release|Any CPU
		{86124AC2-DCF7-4BBA-A303-93147CF1FA87}.Release|x64.Build.0 = Release|Any CPU
		{86124AC2-DCF7-4BBA-A303-93147CF1FA87}.Release|x86.ActiveCfg = Release|Any CPU
		{86124AC2-DCF7-4BBA-A303-93147CF1FA87}.Release|x86.Build.0 = Release|Any CPU
		{D9C591AB-1F3C-40CB-BD7B-DBA410CD19F8}.Ad-Hoc|Any CPU.ActiveCfg = Debug|Any CPU
		{D9C591AB-1F3C-40CB-BD7B-DBA410CD19F8}.Ad-Hoc|Any CPU.Build.0 = Debug|Any CPU
		{D9C591AB-1F3C-40CB-BD7B-DBA410CD19F8}.Ad-Hoc|ARM.ActiveCfg = Debug|Any CPU
		{D9C591AB-1F3C-40CB-BD7B-DBA410CD19F8}.Ad-Hoc|ARM.Build.0 = Debug|Any CPU
		{D9C591AB-1F3C-40CB-BD7B-DBA410CD19F8}.Ad-Hoc|iPhone.ActiveCfg = Release|Any CPU
		{D9C591AB-1F3C-40CB-BD7B-DBA410CD19F8}.Ad-Hoc|iPhone.Build.0 = Release|Any CPU
		{D9C591AB-1F3C-40CB-BD7B-DBA410CD19F8}.Ad-Hoc|iPhoneSimulator.ActiveCfg = Debug|Any CPU
		{D9C591AB-1F3C-40CB-BD7B-DBA410CD19F8}.Ad-Hoc|iPhoneSimulator.Build.0 = Debug|Any CPU
		{D9C591AB-1F3C-40CB-BD7B-DBA410CD19F8}.Ad-Hoc|x64.ActiveCfg = Debug|Any CPU
		{D9C591AB-1F3C-40CB-BD7B-DBA410CD19F8}.Ad-Hoc|x64.Build.0 = Debug|Any CPU
		{D9C591AB-1F3C-40CB-BD7B-DBA410CD19F8}.Ad-Hoc|x86.ActiveCfg = Debug|Any CPU
		{D9C591AB-1F3C-40CB-BD7B-DBA410CD19F8}.Ad-Hoc|x86.Build.0 = Debug|Any CPU
		{D9C591AB-1F3C-40CB-BD7B-DBA410CD19F8}.AppStore|Any CPU.ActiveCfg = Debug|Any CPU
		{D9C591AB-1F3C-40CB-BD7B-DBA410CD19F8}.AppStore|Any CPU.Build.0 = Debug|Any CPU
		{D9C591AB-1F3C-40CB-BD7B-DBA410CD19F8}.AppStore|ARM.ActiveCfg = Debug|Any CPU
		{D9C591AB-1F3C-40CB-BD7B-DBA410CD19F8}.AppStore|ARM.Build.0 = Debug|Any CPU
		{D9C591AB-1F3C-40CB-BD7B-DBA410CD19F8}.AppStore|iPhone.ActiveCfg = Release|Any CPU
		{D9C591AB-1F3C-40CB-BD7B-DBA410CD19F8}.AppStore|iPhone.Build.0 = Release|Any CPU
		{D9C591AB-1F3C-40CB-BD7B-DBA410CD19F8}.AppStore|iPhoneSimulator.ActiveCfg = Debug|Any CPU
		{D9C591AB-1F3C-40CB-BD7B-DBA410CD19F8}.AppStore|iPhoneSimulator.Build.0 = Debug|Any CPU
		{D9C591AB-1F3C-40CB-BD7B-DBA410CD19F8}.AppStore|x64.ActiveCfg = Debug|Any CPU
		{D9C591AB-1F3C-40CB-BD7B-DBA410CD19F8}.AppStore|x64.Build.0 = Debug|Any CPU
		{D9C591AB-1F3C-40CB-BD7B-DBA410CD19F8}.AppStore|x86.ActiveCfg = Debug|Any CPU
		{D9C591AB-1F3C-40CB-BD7B-DBA410CD19F8}.AppStore|x86.Build.0 = Debug|Any CPU
		{D9C591AB-1F3C-40CB-BD7B-DBA410CD19F8}.Debug|Any CPU.ActiveCfg = Debug|Any CPU
		{D9C591AB-1F3C-40CB-BD7B-DBA410CD19F8}.Debug|Any CPU.Build.0 = Debug|Any CPU
		{D9C591AB-1F3C-40CB-BD7B-DBA410CD19F8}.Debug|ARM.ActiveCfg = Debug|Any CPU
		{D9C591AB-1F3C-40CB-BD7B-DBA410CD19F8}.Debug|ARM.Build.0 = Debug|Any CPU
		{D9C591AB-1F3C-40CB-BD7B-DBA410CD19F8}.Debug|iPhone.ActiveCfg = Debug|Any CPU
		{D9C591AB-1F3C-40CB-BD7B-DBA410CD19F8}.Debug|iPhone.Build.0 = Debug|Any CPU
		{D9C591AB-1F3C-40CB-BD7B-DBA410CD19F8}.Debug|iPhoneSimulator.ActiveCfg = Debug|Any CPU
		{D9C591AB-1F3C-40CB-BD7B-DBA410CD19F8}.Debug|iPhoneSimulator.Build.0 = Debug|Any CPU
		{D9C591AB-1F3C-40CB-BD7B-DBA410CD19F8}.Debug|x64.ActiveCfg = Debug|Any CPU
		{D9C591AB-1F3C-40CB-BD7B-DBA410CD19F8}.Debug|x64.Build.0 = Debug|Any CPU
		{D9C591AB-1F3C-40CB-BD7B-DBA410CD19F8}.Debug|x86.ActiveCfg = Debug|Any CPU
		{D9C591AB-1F3C-40CB-BD7B-DBA410CD19F8}.Debug|x86.Build.0 = Debug|Any CPU
		{D9C591AB-1F3C-40CB-BD7B-DBA410CD19F8}.Release|Any CPU.ActiveCfg = Release|Any CPU
		{D9C591AB-1F3C-40CB-BD7B-DBA410CD19F8}.Release|Any CPU.Build.0 = Release|Any CPU
		{D9C591AB-1F3C-40CB-BD7B-DBA410CD19F8}.Release|ARM.ActiveCfg = Release|Any CPU
		{D9C591AB-1F3C-40CB-BD7B-DBA410CD19F8}.Release|ARM.Build.0 = Release|Any CPU
		{D9C591AB-1F3C-40CB-BD7B-DBA410CD19F8}.Release|iPhone.ActiveCfg = Release|Any CPU
		{D9C591AB-1F3C-40CB-BD7B-DBA410CD19F8}.Release|iPhone.Build.0 = Release|Any CPU
		{D9C591AB-1F3C-40CB-BD7B-DBA410CD19F8}.Release|iPhoneSimulator.ActiveCfg = Release|Any CPU
		{D9C591AB-1F3C-40CB-BD7B-DBA410CD19F8}.Release|iPhoneSimulator.Build.0 = Release|Any CPU
		{D9C591AB-1F3C-40CB-BD7B-DBA410CD19F8}.Release|x64.ActiveCfg = Release|Any CPU
		{D9C591AB-1F3C-40CB-BD7B-DBA410CD19F8}.Release|x64.Build.0 = Release|Any CPU
		{D9C591AB-1F3C-40CB-BD7B-DBA410CD19F8}.Release|x86.ActiveCfg = Release|Any CPU
		{D9C591AB-1F3C-40CB-BD7B-DBA410CD19F8}.Release|x86.Build.0 = Release|Any CPU
		{23FB4E28-F3A9-4FB6-81CE-C556B950DC56}.Ad-Hoc|Any CPU.ActiveCfg = Debug|Any CPU
		{23FB4E28-F3A9-4FB6-81CE-C556B950DC56}.Ad-Hoc|Any CPU.Build.0 = Debug|Any CPU
		{23FB4E28-F3A9-4FB6-81CE-C556B950DC56}.Ad-Hoc|ARM.ActiveCfg = Debug|Any CPU
		{23FB4E28-F3A9-4FB6-81CE-C556B950DC56}.Ad-Hoc|ARM.Build.0 = Debug|Any CPU
		{23FB4E28-F3A9-4FB6-81CE-C556B950DC56}.Ad-Hoc|iPhone.ActiveCfg = Debug|Any CPU
		{23FB4E28-F3A9-4FB6-81CE-C556B950DC56}.Ad-Hoc|iPhone.Build.0 = Debug|Any CPU
		{23FB4E28-F3A9-4FB6-81CE-C556B950DC56}.Ad-Hoc|iPhoneSimulator.ActiveCfg = Debug|Any CPU
		{23FB4E28-F3A9-4FB6-81CE-C556B950DC56}.Ad-Hoc|iPhoneSimulator.Build.0 = Debug|Any CPU
		{23FB4E28-F3A9-4FB6-81CE-C556B950DC56}.Ad-Hoc|x64.ActiveCfg = Debug|Any CPU
		{23FB4E28-F3A9-4FB6-81CE-C556B950DC56}.Ad-Hoc|x64.Build.0 = Debug|Any CPU
		{23FB4E28-F3A9-4FB6-81CE-C556B950DC56}.Ad-Hoc|x86.ActiveCfg = Debug|Any CPU
		{23FB4E28-F3A9-4FB6-81CE-C556B950DC56}.Ad-Hoc|x86.Build.0 = Debug|Any CPU
		{23FB4E28-F3A9-4FB6-81CE-C556B950DC56}.AppStore|Any CPU.ActiveCfg = Debug|Any CPU
		{23FB4E28-F3A9-4FB6-81CE-C556B950DC56}.AppStore|Any CPU.Build.0 = Debug|Any CPU
		{23FB4E28-F3A9-4FB6-81CE-C556B950DC56}.AppStore|ARM.ActiveCfg = Debug|Any CPU
		{23FB4E28-F3A9-4FB6-81CE-C556B950DC56}.AppStore|ARM.Build.0 = Debug|Any CPU
		{23FB4E28-F3A9-4FB6-81CE-C556B950DC56}.AppStore|iPhone.ActiveCfg = Debug|Any CPU
		{23FB4E28-F3A9-4FB6-81CE-C556B950DC56}.AppStore|iPhone.Build.0 = Debug|Any CPU
		{23FB4E28-F3A9-4FB6-81CE-C556B950DC56}.AppStore|iPhoneSimulator.ActiveCfg = Debug|Any CPU
		{23FB4E28-F3A9-4FB6-81CE-C556B950DC56}.AppStore|iPhoneSimulator.Build.0 = Debug|Any CPU
		{23FB4E28-F3A9-4FB6-81CE-C556B950DC56}.AppStore|x64.ActiveCfg = Debug|Any CPU
		{23FB4E28-F3A9-4FB6-81CE-C556B950DC56}.AppStore|x64.Build.0 = Debug|Any CPU
		{23FB4E28-F3A9-4FB6-81CE-C556B950DC56}.AppStore|x86.ActiveCfg = Debug|Any CPU
		{23FB4E28-F3A9-4FB6-81CE-C556B950DC56}.AppStore|x86.Build.0 = Debug|Any CPU
		{23FB4E28-F3A9-4FB6-81CE-C556B950DC56}.Debug|Any CPU.ActiveCfg = Debug|Any CPU
		{23FB4E28-F3A9-4FB6-81CE-C556B950DC56}.Debug|Any CPU.Build.0 = Debug|Any CPU
		{23FB4E28-F3A9-4FB6-81CE-C556B950DC56}.Debug|ARM.ActiveCfg = Debug|Any CPU
		{23FB4E28-F3A9-4FB6-81CE-C556B950DC56}.Debug|ARM.Build.0 = Debug|Any CPU
		{23FB4E28-F3A9-4FB6-81CE-C556B950DC56}.Debug|iPhone.ActiveCfg = Debug|Any CPU
		{23FB4E28-F3A9-4FB6-81CE-C556B950DC56}.Debug|iPhone.Build.0 = Debug|Any CPU
		{23FB4E28-F3A9-4FB6-81CE-C556B950DC56}.Debug|iPhoneSimulator.ActiveCfg = Debug|Any CPU
		{23FB4E28-F3A9-4FB6-81CE-C556B950DC56}.Debug|iPhoneSimulator.Build.0 = Debug|Any CPU
		{23FB4E28-F3A9-4FB6-81CE-C556B950DC56}.Debug|x64.ActiveCfg = Debug|Any CPU
		{23FB4E28-F3A9-4FB6-81CE-C556B950DC56}.Debug|x64.Build.0 = Debug|Any CPU
		{23FB4E28-F3A9-4FB6-81CE-C556B950DC56}.Debug|x86.ActiveCfg = Debug|Any CPU
		{23FB4E28-F3A9-4FB6-81CE-C556B950DC56}.Debug|x86.Build.0 = Debug|Any CPU
		{23FB4E28-F3A9-4FB6-81CE-C556B950DC56}.Release|Any CPU.ActiveCfg = Release|Any CPU
		{23FB4E28-F3A9-4FB6-81CE-C556B950DC56}.Release|Any CPU.Build.0 = Release|Any CPU
		{23FB4E28-F3A9-4FB6-81CE-C556B950DC56}.Release|ARM.ActiveCfg = Release|Any CPU
		{23FB4E28-F3A9-4FB6-81CE-C556B950DC56}.Release|ARM.Build.0 = Release|Any CPU
		{23FB4E28-F3A9-4FB6-81CE-C556B950DC56}.Release|iPhone.ActiveCfg = Release|Any CPU
		{23FB4E28-F3A9-4FB6-81CE-C556B950DC56}.Release|iPhone.Build.0 = Release|Any CPU
		{23FB4E28-F3A9-4FB6-81CE-C556B950DC56}.Release|iPhoneSimulator.ActiveCfg = Release|Any CPU
		{23FB4E28-F3A9-4FB6-81CE-C556B950DC56}.Release|iPhoneSimulator.Build.0 = Release|Any CPU
		{23FB4E28-F3A9-4FB6-81CE-C556B950DC56}.Release|x64.ActiveCfg = Release|Any CPU
		{23FB4E28-F3A9-4FB6-81CE-C556B950DC56}.Release|x64.Build.0 = Release|Any CPU
		{23FB4E28-F3A9-4FB6-81CE-C556B950DC56}.Release|x86.ActiveCfg = Release|Any CPU
		{23FB4E28-F3A9-4FB6-81CE-C556B950DC56}.Release|x86.Build.0 = Release|Any CPU
		{E3107B37-B870-457A-94FC-8970B1C89923}.Ad-Hoc|Any CPU.ActiveCfg = Debug|Any CPU
		{E3107B37-B870-457A-94FC-8970B1C89923}.Ad-Hoc|Any CPU.Build.0 = Debug|Any CPU
		{E3107B37-B870-457A-94FC-8970B1C89923}.Ad-Hoc|Any CPU.Deploy.0 = Debug|Any CPU
		{E3107B37-B870-457A-94FC-8970B1C89923}.Ad-Hoc|ARM.ActiveCfg = Debug|Any CPU
		{E3107B37-B870-457A-94FC-8970B1C89923}.Ad-Hoc|ARM.Build.0 = Debug|Any CPU
		{E3107B37-B870-457A-94FC-8970B1C89923}.Ad-Hoc|ARM.Deploy.0 = Debug|Any CPU
		{E3107B37-B870-457A-94FC-8970B1C89923}.Ad-Hoc|iPhone.ActiveCfg = Debug|Any CPU
		{E3107B37-B870-457A-94FC-8970B1C89923}.Ad-Hoc|iPhone.Build.0 = Debug|Any CPU
		{E3107B37-B870-457A-94FC-8970B1C89923}.Ad-Hoc|iPhone.Deploy.0 = Debug|Any CPU
		{E3107B37-B870-457A-94FC-8970B1C89923}.Ad-Hoc|iPhoneSimulator.ActiveCfg = Debug|Any CPU
		{E3107B37-B870-457A-94FC-8970B1C89923}.Ad-Hoc|iPhoneSimulator.Build.0 = Debug|Any CPU
		{E3107B37-B870-457A-94FC-8970B1C89923}.Ad-Hoc|iPhoneSimulator.Deploy.0 = Debug|Any CPU
		{E3107B37-B870-457A-94FC-8970B1C89923}.Ad-Hoc|x64.ActiveCfg = Debug|Any CPU
		{E3107B37-B870-457A-94FC-8970B1C89923}.Ad-Hoc|x64.Build.0 = Debug|Any CPU
		{E3107B37-B870-457A-94FC-8970B1C89923}.Ad-Hoc|x64.Deploy.0 = Debug|Any CPU
		{E3107B37-B870-457A-94FC-8970B1C89923}.Ad-Hoc|x86.ActiveCfg = Debug|Any CPU
		{E3107B37-B870-457A-94FC-8970B1C89923}.Ad-Hoc|x86.Build.0 = Debug|Any CPU
		{E3107B37-B870-457A-94FC-8970B1C89923}.Ad-Hoc|x86.Deploy.0 = Debug|Any CPU
		{E3107B37-B870-457A-94FC-8970B1C89923}.AppStore|Any CPU.ActiveCfg = Debug|Any CPU
		{E3107B37-B870-457A-94FC-8970B1C89923}.AppStore|Any CPU.Build.0 = Debug|Any CPU
		{E3107B37-B870-457A-94FC-8970B1C89923}.AppStore|Any CPU.Deploy.0 = Debug|Any CPU
		{E3107B37-B870-457A-94FC-8970B1C89923}.AppStore|ARM.ActiveCfg = Debug|Any CPU
		{E3107B37-B870-457A-94FC-8970B1C89923}.AppStore|ARM.Build.0 = Debug|Any CPU
		{E3107B37-B870-457A-94FC-8970B1C89923}.AppStore|ARM.Deploy.0 = Debug|Any CPU
		{E3107B37-B870-457A-94FC-8970B1C89923}.AppStore|iPhone.ActiveCfg = Debug|Any CPU
		{E3107B37-B870-457A-94FC-8970B1C89923}.AppStore|iPhone.Build.0 = Debug|Any CPU
		{E3107B37-B870-457A-94FC-8970B1C89923}.AppStore|iPhone.Deploy.0 = Debug|Any CPU
		{E3107B37-B870-457A-94FC-8970B1C89923}.AppStore|iPhoneSimulator.ActiveCfg = Debug|Any CPU
		{E3107B37-B870-457A-94FC-8970B1C89923}.AppStore|iPhoneSimulator.Build.0 = Debug|Any CPU
		{E3107B37-B870-457A-94FC-8970B1C89923}.AppStore|iPhoneSimulator.Deploy.0 = Debug|Any CPU
		{E3107B37-B870-457A-94FC-8970B1C89923}.AppStore|x64.ActiveCfg = Debug|Any CPU
		{E3107B37-B870-457A-94FC-8970B1C89923}.AppStore|x64.Build.0 = Debug|Any CPU
		{E3107B37-B870-457A-94FC-8970B1C89923}.AppStore|x64.Deploy.0 = Debug|Any CPU
		{E3107B37-B870-457A-94FC-8970B1C89923}.AppStore|x86.ActiveCfg = Debug|Any CPU
		{E3107B37-B870-457A-94FC-8970B1C89923}.AppStore|x86.Build.0 = Debug|Any CPU
		{E3107B37-B870-457A-94FC-8970B1C89923}.AppStore|x86.Deploy.0 = Debug|Any CPU
		{E3107B37-B870-457A-94FC-8970B1C89923}.Debug|Any CPU.ActiveCfg = Debug|Any CPU
		{E3107B37-B870-457A-94FC-8970B1C89923}.Debug|Any CPU.Build.0 = Debug|Any CPU
		{E3107B37-B870-457A-94FC-8970B1C89923}.Debug|Any CPU.Deploy.0 = Debug|Any CPU
		{E3107B37-B870-457A-94FC-8970B1C89923}.Debug|ARM.ActiveCfg = Debug|Any CPU
		{E3107B37-B870-457A-94FC-8970B1C89923}.Debug|ARM.Build.0 = Debug|Any CPU
		{E3107B37-B870-457A-94FC-8970B1C89923}.Debug|ARM.Deploy.0 = Debug|Any CPU
		{E3107B37-B870-457A-94FC-8970B1C89923}.Debug|iPhone.ActiveCfg = Debug|Any CPU
		{E3107B37-B870-457A-94FC-8970B1C89923}.Debug|iPhone.Build.0 = Debug|Any CPU
		{E3107B37-B870-457A-94FC-8970B1C89923}.Debug|iPhone.Deploy.0 = Debug|Any CPU
		{E3107B37-B870-457A-94FC-8970B1C89923}.Debug|iPhoneSimulator.ActiveCfg = Debug|Any CPU
		{E3107B37-B870-457A-94FC-8970B1C89923}.Debug|iPhoneSimulator.Build.0 = Debug|Any CPU
		{E3107B37-B870-457A-94FC-8970B1C89923}.Debug|iPhoneSimulator.Deploy.0 = Debug|Any CPU
		{E3107B37-B870-457A-94FC-8970B1C89923}.Debug|x64.ActiveCfg = Debug|Any CPU
		{E3107B37-B870-457A-94FC-8970B1C89923}.Debug|x64.Build.0 = Debug|Any CPU
		{E3107B37-B870-457A-94FC-8970B1C89923}.Debug|x64.Deploy.0 = Debug|Any CPU
		{E3107B37-B870-457A-94FC-8970B1C89923}.Debug|x86.ActiveCfg = Debug|Any CPU
		{E3107B37-B870-457A-94FC-8970B1C89923}.Debug|x86.Build.0 = Debug|Any CPU
		{E3107B37-B870-457A-94FC-8970B1C89923}.Debug|x86.Deploy.0 = Debug|Any CPU
		{E3107B37-B870-457A-94FC-8970B1C89923}.Release|Any CPU.ActiveCfg = Release|Any CPU
		{E3107B37-B870-457A-94FC-8970B1C89923}.Release|Any CPU.Build.0 = Release|Any CPU
		{E3107B37-B870-457A-94FC-8970B1C89923}.Release|Any CPU.Deploy.0 = Release|Any CPU
		{E3107B37-B870-457A-94FC-8970B1C89923}.Release|ARM.ActiveCfg = Release|Any CPU
		{E3107B37-B870-457A-94FC-8970B1C89923}.Release|ARM.Build.0 = Release|Any CPU
		{E3107B37-B870-457A-94FC-8970B1C89923}.Release|ARM.Deploy.0 = Release|Any CPU
		{E3107B37-B870-457A-94FC-8970B1C89923}.Release|iPhone.ActiveCfg = Release|Any CPU
		{E3107B37-B870-457A-94FC-8970B1C89923}.Release|iPhone.Build.0 = Release|Any CPU
		{E3107B37-B870-457A-94FC-8970B1C89923}.Release|iPhone.Deploy.0 = Release|Any CPU
		{E3107B37-B870-457A-94FC-8970B1C89923}.Release|iPhoneSimulator.ActiveCfg = Release|Any CPU
		{E3107B37-B870-457A-94FC-8970B1C89923}.Release|iPhoneSimulator.Build.0 = Release|Any CPU
		{E3107B37-B870-457A-94FC-8970B1C89923}.Release|iPhoneSimulator.Deploy.0 = Release|Any CPU
		{E3107B37-B870-457A-94FC-8970B1C89923}.Release|x64.ActiveCfg = Release|Any CPU
		{E3107B37-B870-457A-94FC-8970B1C89923}.Release|x64.Build.0 = Release|Any CPU
		{E3107B37-B870-457A-94FC-8970B1C89923}.Release|x64.Deploy.0 = Release|Any CPU
		{E3107B37-B870-457A-94FC-8970B1C89923}.Release|x86.ActiveCfg = Release|Any CPU
		{E3107B37-B870-457A-94FC-8970B1C89923}.Release|x86.Build.0 = Release|Any CPU
		{E3107B37-B870-457A-94FC-8970B1C89923}.Release|x86.Deploy.0 = Release|Any CPU
		{3E00CB33-18EB-4209-8E78-C494B05BD693}.Ad-Hoc|Any CPU.ActiveCfg = Debug|Any CPU
		{3E00CB33-18EB-4209-8E78-C494B05BD693}.Ad-Hoc|Any CPU.Build.0 = Debug|Any CPU
		{3E00CB33-18EB-4209-8E78-C494B05BD693}.Ad-Hoc|ARM.ActiveCfg = Debug|Any CPU
		{3E00CB33-18EB-4209-8E78-C494B05BD693}.Ad-Hoc|ARM.Build.0 = Debug|Any CPU
		{3E00CB33-18EB-4209-8E78-C494B05BD693}.Ad-Hoc|iPhone.ActiveCfg = Debug|Any CPU
		{3E00CB33-18EB-4209-8E78-C494B05BD693}.Ad-Hoc|iPhone.Build.0 = Debug|Any CPU
		{3E00CB33-18EB-4209-8E78-C494B05BD693}.Ad-Hoc|iPhoneSimulator.ActiveCfg = Debug|Any CPU
		{3E00CB33-18EB-4209-8E78-C494B05BD693}.Ad-Hoc|iPhoneSimulator.Build.0 = Debug|Any CPU
		{3E00CB33-18EB-4209-8E78-C494B05BD693}.Ad-Hoc|x64.ActiveCfg = Debug|Any CPU
		{3E00CB33-18EB-4209-8E78-C494B05BD693}.Ad-Hoc|x64.Build.0 = Debug|Any CPU
		{3E00CB33-18EB-4209-8E78-C494B05BD693}.Ad-Hoc|x86.ActiveCfg = Debug|Any CPU
		{3E00CB33-18EB-4209-8E78-C494B05BD693}.Ad-Hoc|x86.Build.0 = Debug|Any CPU
		{3E00CB33-18EB-4209-8E78-C494B05BD693}.AppStore|Any CPU.ActiveCfg = Debug|Any CPU
		{3E00CB33-18EB-4209-8E78-C494B05BD693}.AppStore|Any CPU.Build.0 = Debug|Any CPU
		{3E00CB33-18EB-4209-8E78-C494B05BD693}.AppStore|ARM.ActiveCfg = Debug|Any CPU
		{3E00CB33-18EB-4209-8E78-C494B05BD693}.AppStore|ARM.Build.0 = Debug|Any CPU
		{3E00CB33-18EB-4209-8E78-C494B05BD693}.AppStore|iPhone.ActiveCfg = Debug|Any CPU
		{3E00CB33-18EB-4209-8E78-C494B05BD693}.AppStore|iPhone.Build.0 = Debug|Any CPU
		{3E00CB33-18EB-4209-8E78-C494B05BD693}.AppStore|iPhoneSimulator.ActiveCfg = Debug|Any CPU
		{3E00CB33-18EB-4209-8E78-C494B05BD693}.AppStore|iPhoneSimulator.Build.0 = Debug|Any CPU
		{3E00CB33-18EB-4209-8E78-C494B05BD693}.AppStore|x64.ActiveCfg = Debug|Any CPU
		{3E00CB33-18EB-4209-8E78-C494B05BD693}.AppStore|x64.Build.0 = Debug|Any CPU
		{3E00CB33-18EB-4209-8E78-C494B05BD693}.AppStore|x86.ActiveCfg = Debug|Any CPU
		{3E00CB33-18EB-4209-8E78-C494B05BD693}.AppStore|x86.Build.0 = Debug|Any CPU
		{3E00CB33-18EB-4209-8E78-C494B05BD693}.Debug|Any CPU.ActiveCfg = Debug|Any CPU
		{3E00CB33-18EB-4209-8E78-C494B05BD693}.Debug|Any CPU.Build.0 = Debug|Any CPU
		{3E00CB33-18EB-4209-8E78-C494B05BD693}.Debug|ARM.ActiveCfg = Debug|Any CPU
		{3E00CB33-18EB-4209-8E78-C494B05BD693}.Debug|ARM.Build.0 = Debug|Any CPU
		{3E00CB33-18EB-4209-8E78-C494B05BD693}.Debug|iPhone.ActiveCfg = Debug|Any CPU
		{3E00CB33-18EB-4209-8E78-C494B05BD693}.Debug|iPhone.Build.0 = Debug|Any CPU
		{3E00CB33-18EB-4209-8E78-C494B05BD693}.Debug|iPhoneSimulator.ActiveCfg = Debug|Any CPU
		{3E00CB33-18EB-4209-8E78-C494B05BD693}.Debug|iPhoneSimulator.Build.0 = Debug|Any CPU
		{3E00CB33-18EB-4209-8E78-C494B05BD693}.Debug|x64.ActiveCfg = Debug|Any CPU
		{3E00CB33-18EB-4209-8E78-C494B05BD693}.Debug|x64.Build.0 = Debug|Any CPU
		{3E00CB33-18EB-4209-8E78-C494B05BD693}.Debug|x86.ActiveCfg = Debug|Any CPU
		{3E00CB33-18EB-4209-8E78-C494B05BD693}.Debug|x86.Build.0 = Debug|Any CPU
		{3E00CB33-18EB-4209-8E78-C494B05BD693}.Release|Any CPU.ActiveCfg = Release|Any CPU
		{3E00CB33-18EB-4209-8E78-C494B05BD693}.Release|Any CPU.Build.0 = Release|Any CPU
		{3E00CB33-18EB-4209-8E78-C494B05BD693}.Release|ARM.ActiveCfg = Release|Any CPU
		{3E00CB33-18EB-4209-8E78-C494B05BD693}.Release|ARM.Build.0 = Release|Any CPU
		{3E00CB33-18EB-4209-8E78-C494B05BD693}.Release|iPhone.ActiveCfg = Release|Any CPU
		{3E00CB33-18EB-4209-8E78-C494B05BD693}.Release|iPhone.Build.0 = Release|Any CPU
		{3E00CB33-18EB-4209-8E78-C494B05BD693}.Release|iPhoneSimulator.ActiveCfg = Release|Any CPU
		{3E00CB33-18EB-4209-8E78-C494B05BD693}.Release|iPhoneSimulator.Build.0 = Release|Any CPU
		{3E00CB33-18EB-4209-8E78-C494B05BD693}.Release|x64.ActiveCfg = Release|Any CPU
		{3E00CB33-18EB-4209-8E78-C494B05BD693}.Release|x64.Build.0 = Release|Any CPU
		{3E00CB33-18EB-4209-8E78-C494B05BD693}.Release|x86.ActiveCfg = Release|Any CPU
		{3E00CB33-18EB-4209-8E78-C494B05BD693}.Release|x86.Build.0 = Release|Any CPU
		{345ED669-0998-4363-9960-1BEDAB37B181}.Ad-Hoc|Any CPU.ActiveCfg = Debug|Any CPU
		{345ED669-0998-4363-9960-1BEDAB37B181}.Ad-Hoc|Any CPU.Build.0 = Debug|Any CPU
		{345ED669-0998-4363-9960-1BEDAB37B181}.Ad-Hoc|Any CPU.Deploy.0 = Debug|Any CPU
		{345ED669-0998-4363-9960-1BEDAB37B181}.Ad-Hoc|ARM.ActiveCfg = Debug|Any CPU
		{345ED669-0998-4363-9960-1BEDAB37B181}.Ad-Hoc|ARM.Build.0 = Debug|Any CPU
		{345ED669-0998-4363-9960-1BEDAB37B181}.Ad-Hoc|ARM.Deploy.0 = Debug|Any CPU
		{345ED669-0998-4363-9960-1BEDAB37B181}.Ad-Hoc|iPhone.ActiveCfg = Debug|Any CPU
		{345ED669-0998-4363-9960-1BEDAB37B181}.Ad-Hoc|iPhone.Build.0 = Debug|Any CPU
		{345ED669-0998-4363-9960-1BEDAB37B181}.Ad-Hoc|iPhone.Deploy.0 = Debug|Any CPU
		{345ED669-0998-4363-9960-1BEDAB37B181}.Ad-Hoc|iPhoneSimulator.ActiveCfg = Debug|Any CPU
		{345ED669-0998-4363-9960-1BEDAB37B181}.Ad-Hoc|iPhoneSimulator.Build.0 = Debug|Any CPU
		{345ED669-0998-4363-9960-1BEDAB37B181}.Ad-Hoc|iPhoneSimulator.Deploy.0 = Debug|Any CPU
		{345ED669-0998-4363-9960-1BEDAB37B181}.Ad-Hoc|x64.ActiveCfg = Debug|Any CPU
		{345ED669-0998-4363-9960-1BEDAB37B181}.Ad-Hoc|x64.Build.0 = Debug|Any CPU
		{345ED669-0998-4363-9960-1BEDAB37B181}.Ad-Hoc|x64.Deploy.0 = Debug|Any CPU
		{345ED669-0998-4363-9960-1BEDAB37B181}.Ad-Hoc|x86.ActiveCfg = Debug|Any CPU
		{345ED669-0998-4363-9960-1BEDAB37B181}.Ad-Hoc|x86.Build.0 = Debug|Any CPU
		{345ED669-0998-4363-9960-1BEDAB37B181}.Ad-Hoc|x86.Deploy.0 = Debug|Any CPU
		{345ED669-0998-4363-9960-1BEDAB37B181}.AppStore|Any CPU.ActiveCfg = Debug|Any CPU
		{345ED669-0998-4363-9960-1BEDAB37B181}.AppStore|Any CPU.Build.0 = Debug|Any CPU
		{345ED669-0998-4363-9960-1BEDAB37B181}.AppStore|Any CPU.Deploy.0 = Debug|Any CPU
		{345ED669-0998-4363-9960-1BEDAB37B181}.AppStore|ARM.ActiveCfg = Debug|Any CPU
		{345ED669-0998-4363-9960-1BEDAB37B181}.AppStore|ARM.Build.0 = Debug|Any CPU
		{345ED669-0998-4363-9960-1BEDAB37B181}.AppStore|ARM.Deploy.0 = Debug|Any CPU
		{345ED669-0998-4363-9960-1BEDAB37B181}.AppStore|iPhone.ActiveCfg = Debug|Any CPU
		{345ED669-0998-4363-9960-1BEDAB37B181}.AppStore|iPhone.Build.0 = Debug|Any CPU
		{345ED669-0998-4363-9960-1BEDAB37B181}.AppStore|iPhone.Deploy.0 = Debug|Any CPU
		{345ED669-0998-4363-9960-1BEDAB37B181}.AppStore|iPhoneSimulator.ActiveCfg = Debug|Any CPU
		{345ED669-0998-4363-9960-1BEDAB37B181}.AppStore|iPhoneSimulator.Build.0 = Debug|Any CPU
		{345ED669-0998-4363-9960-1BEDAB37B181}.AppStore|iPhoneSimulator.Deploy.0 = Debug|Any CPU
		{345ED669-0998-4363-9960-1BEDAB37B181}.AppStore|x64.ActiveCfg = Debug|Any CPU
		{345ED669-0998-4363-9960-1BEDAB37B181}.AppStore|x64.Build.0 = Debug|Any CPU
		{345ED669-0998-4363-9960-1BEDAB37B181}.AppStore|x64.Deploy.0 = Debug|Any CPU
		{345ED669-0998-4363-9960-1BEDAB37B181}.AppStore|x86.ActiveCfg = Debug|Any CPU
		{345ED669-0998-4363-9960-1BEDAB37B181}.AppStore|x86.Build.0 = Debug|Any CPU
		{345ED669-0998-4363-9960-1BEDAB37B181}.AppStore|x86.Deploy.0 = Debug|Any CPU
		{345ED669-0998-4363-9960-1BEDAB37B181}.Debug|Any CPU.ActiveCfg = Debug|Any CPU
		{345ED669-0998-4363-9960-1BEDAB37B181}.Debug|Any CPU.Build.0 = Debug|Any CPU
		{345ED669-0998-4363-9960-1BEDAB37B181}.Debug|Any CPU.Deploy.0 = Debug|Any CPU
		{345ED669-0998-4363-9960-1BEDAB37B181}.Debug|ARM.ActiveCfg = Debug|Any CPU
		{345ED669-0998-4363-9960-1BEDAB37B181}.Debug|ARM.Build.0 = Debug|Any CPU
		{345ED669-0998-4363-9960-1BEDAB37B181}.Debug|ARM.Deploy.0 = Debug|Any CPU
		{345ED669-0998-4363-9960-1BEDAB37B181}.Debug|iPhone.ActiveCfg = Debug|Any CPU
		{345ED669-0998-4363-9960-1BEDAB37B181}.Debug|iPhone.Build.0 = Debug|Any CPU
		{345ED669-0998-4363-9960-1BEDAB37B181}.Debug|iPhone.Deploy.0 = Debug|Any CPU
		{345ED669-0998-4363-9960-1BEDAB37B181}.Debug|iPhoneSimulator.ActiveCfg = Debug|Any CPU
		{345ED669-0998-4363-9960-1BEDAB37B181}.Debug|iPhoneSimulator.Build.0 = Debug|Any CPU
		{345ED669-0998-4363-9960-1BEDAB37B181}.Debug|iPhoneSimulator.Deploy.0 = Debug|Any CPU
		{345ED669-0998-4363-9960-1BEDAB37B181}.Debug|x64.ActiveCfg = Debug|Any CPU
		{345ED669-0998-4363-9960-1BEDAB37B181}.Debug|x64.Build.0 = Debug|Any CPU
		{345ED669-0998-4363-9960-1BEDAB37B181}.Debug|x64.Deploy.0 = Debug|Any CPU
		{345ED669-0998-4363-9960-1BEDAB37B181}.Debug|x86.ActiveCfg = Debug|Any CPU
		{345ED669-0998-4363-9960-1BEDAB37B181}.Debug|x86.Build.0 = Debug|Any CPU
		{345ED669-0998-4363-9960-1BEDAB37B181}.Debug|x86.Deploy.0 = Debug|Any CPU
		{345ED669-0998-4363-9960-1BEDAB37B181}.Release|Any CPU.ActiveCfg = Release|Any CPU
		{345ED669-0998-4363-9960-1BEDAB37B181}.Release|Any CPU.Build.0 = Release|Any CPU
		{345ED669-0998-4363-9960-1BEDAB37B181}.Release|Any CPU.Deploy.0 = Release|Any CPU
		{345ED669-0998-4363-9960-1BEDAB37B181}.Release|ARM.ActiveCfg = Release|Any CPU
		{345ED669-0998-4363-9960-1BEDAB37B181}.Release|ARM.Build.0 = Release|Any CPU
		{345ED669-0998-4363-9960-1BEDAB37B181}.Release|ARM.Deploy.0 = Release|Any CPU
		{345ED669-0998-4363-9960-1BEDAB37B181}.Release|iPhone.ActiveCfg = Release|Any CPU
		{345ED669-0998-4363-9960-1BEDAB37B181}.Release|iPhone.Build.0 = Release|Any CPU
		{345ED669-0998-4363-9960-1BEDAB37B181}.Release|iPhone.Deploy.0 = Release|Any CPU
		{345ED669-0998-4363-9960-1BEDAB37B181}.Release|iPhoneSimulator.ActiveCfg = Release|Any CPU
		{345ED669-0998-4363-9960-1BEDAB37B181}.Release|iPhoneSimulator.Build.0 = Release|Any CPU
		{345ED669-0998-4363-9960-1BEDAB37B181}.Release|iPhoneSimulator.Deploy.0 = Release|Any CPU
		{345ED669-0998-4363-9960-1BEDAB37B181}.Release|x64.ActiveCfg = Release|Any CPU
		{345ED669-0998-4363-9960-1BEDAB37B181}.Release|x64.Build.0 = Release|Any CPU
		{345ED669-0998-4363-9960-1BEDAB37B181}.Release|x64.Deploy.0 = Release|Any CPU
		{345ED669-0998-4363-9960-1BEDAB37B181}.Release|x86.ActiveCfg = Release|Any CPU
		{345ED669-0998-4363-9960-1BEDAB37B181}.Release|x86.Build.0 = Release|Any CPU
		{345ED669-0998-4363-9960-1BEDAB37B181}.Release|x86.Deploy.0 = Release|Any CPU
	EndGlobalSection
	GlobalSection(SolutionProperties) = preSolution
		HideSolutionNode = FALSE
	EndGlobalSection
	GlobalSection(NestedProjects) = preSolution
		{E3107B37-B870-457A-94FC-8970B1C89923} = {BB3F8074-2150-4C01-A68B-53A9F9EE9752}
		{345ED669-0998-4363-9960-1BEDAB37B181} = {BB3F8074-2150-4C01-A68B-53A9F9EE9752}
	EndGlobalSection
	GlobalSection(ExtensibilityGlobals) = postSolution
		SolutionGuid = {43BD019F-9257-47AD-A276-77DE810B3632}
	EndGlobalSection
	GlobalSection(MonoDevelopProperties) = preSolution
		Policies = $0
		$0.DotNetNamingPolicy = $1
	EndGlobalSection
EndGlobal
